
Microsoft Visual Studio Solution File, Format Version 12.00
# Visual Studio Version 17
VisualStudioVersion = 17.7.34003.232
MinimumVisualStudioVersion = 10.0.40219.1
Project("{8BC9CEB8-8B4A-11D0-8D11-00A0C91BC942}") = "ConsoleGame", "ConsoleGame\ConsoleGame.vcxproj", "{C6DABB7A-AE4C-4A8B-B6B7-809841A0FAE8}"
EndProject
Global
	GlobalSection(SolutionConfigurationPlatforms) = preSolution
		Debug|x64 = Debug|x64
		Debug|x86 = Debug|x86
		Release|x64 = Release|x64
		Release|x86 = Release|x86
	EndGlobalSection
	GlobalSection(ProjectConfigurationPlatforms) = postSolution
		{C6DABB7A-AE4C-4A8B-B6B7-809841A0FAE8}.Debug|x64.ActiveCfg = Debug|x64
		{C6DABB7A-AE4C-4A8B-B6B7-809841A0FAE8}.Debug|x64.Build.0 = Debug|x64
		{C6DABB7A-AE4C-4A8B-B6B7-809841A0FAE8}.Debug|x86.ActiveCfg = Debug|Win32
		{C6DABB7A-AE4C-4A8B-B6B7-809841A0FAE8}.Debug|x86.Build.0 = Debug|Win32
		{C6DABB7A-AE4C-4A8B-B6B7-809841A0FAE8}.Release|x64.ActiveCfg = Release|x64
		{C6DABB7A-AE4C-4A8B-B6B7-809841A0FAE8}.Release|x64.Build.0 = Release|x64
		{C6DABB7A-AE4C-4A8B-B6B7-809841A0FAE8}.Release|x86.ActiveCfg = Release|Win32
		{C6DABB7A-AE4C-4A8B-B6B7-809841A0FAE8}.Release|x86.Build.0 = Release|Win32
	EndGlobalSection
	GlobalSection(SolutionProperties) = preSolution
		HideSolutionNode = FALSE
	EndGlobalSection
	GlobalSection(ExtensibilityGlobals) = postSolution
		SolutionGuid = {AF8DB9A8-3659-4453-94C3-B2330FB60F56}
	EndGlobalSection
EndGlobal
